lockfileVersion: '9.0'

settings:
  autoInstallPeers: true
  excludeLinksFromLockfile: false

importers:

  .:
    devDependencies:
      '@biomejs/biome':
        specifier: 2.1.2
        version: 2.1.2
      '@changesets/cli':
        specifier: 2.29.5
        version: 2.29.5
      '@commitlint/cli':
        specifier: 19.8.1
        version: 19.8.1(@types/node@24.0.15)(typescript@5.8.3)
      '@commitlint/config-conventional':
        specifier: 19.8.1
        version: 19.8.1
      '@types/node':
        specifier: 24.0.15
        version: 24.0.15
      cspell:
        specifier: 9.1.1
        version: 9.1.1
      lefthook:
        specifier: 1.11.14
        version: 1.11.14
      markdownlint-cli2:
        specifier: 0.18.1
        version: 0.18.1
      tsup:
        specifier: 8.5.0
        version: 8.5.0(jiti@2.6.1)(postcss@8.5.22)(tsx@4.20.3)(typescript@5.8.3)(yaml@2.9.0)
      tsx:
        specifier: 4.20.3
        version: 4.20.3
      turbo:
        specifier: 2.5.5
        version: 2.5.5
      typescript:
        specifier: 5.8.3
        version: 5.8.3
      vitest:
        specifier: 3.2.4
        version: 3.2.4(@types/debug@4.1.13)(@types/node@24.0.15)(jiti@2.6.1)(tsx@4.20.3)(yaml@2.9.0)

  apps/agent-runtime-host:
    dependencies:
      '@ag-ui/client':
        specifier: 0.0.57
        version: 0.0.57
      '@copilotkit/runtime':
        specifier: 1.63.2
        version: 1.63.2(@cfworker/json-schema@4.1.1)(@langchain/core@1.2.4(@opentelemetry/api@1.9.1)(openai@6.48.0(ws@8.21.1)(zod@3.25.76))(ws@8.21.1))(@langchain/langgraph-sdk@1.9.28(@langchain/core@1.2.4(@opentelemetry/api@1.9.1)(openai@6.48.0(ws@8.21.1)(zod@3.25.76))(ws@8.21.1))(vue@3.5.40(typescript@5.8.3)))(@opentelemetry/api@1.9.1)(langchain@1.5.4(@langchain/core@1.2.4(@opentelemetry/api@1.9.1)(openai@6.48.0(ws@8.21.1)(zod@3.25.76))(ws@8.21.1))(@opentelemetry/api@1.9.1)(openai@6.48.0(ws@8.21.1)(zod@3.25.76))(vue@3.5.40(typescript@5.8.3))(ws@8.21.1))(openai@6.48.0(ws@8.21.1)(zod@3.25.76))(vitest@3.2.4(@types/debug@4.1.13)(@types/node@24.0.15)(jiti@2.6.1)(tsx@4.20.3)(yaml@2.9.0))(vue@3.5.40(typescript@5.8.3))
      express:
        specifier: 5.1.0
        version: 5.1.0
      openai:
        specifier: 6.48.0
        version: 6.48.0(ws@8.21.1)(zod@3.25.76)
    devDependencies:
      '@types/express':
        specifier: 5.0.3
        version: 5.0.3
      tsup:
        specifier: 8.5.0
        version: 8.5.0(jiti@2.6.1)(postcss@8.5.22)(tsx@4.20.3)(typescript@5.8.3)(yaml@2.9.0)
      tsx:
        specifier: 4.20.3
        version: 4.20.3
      typescript:
        specifier: 5.8.3
        version: 5.8.3
      vitest:
        specifier: 3.2.4
        version: 3.2.4(@types/debug@4.1.13)(@types/node@24.0.15)(jiti@2.6.1)(tsx@4.20.3)(yaml@2.9.0)

  apps/ui-compiler-service:
    dependencies:
      '@generative-ui/compiler-contract':
        specifier: workspace:*
        version: link:../../packages/compiler-contract
      '@generative-ui/component-catalog-schema':
        specifier: workspace:*
        version: link:../../packages/component-catalog-schema
      '@generative-ui/presentation-contract':
        specifier: workspace:*
        version: link:../../packages/presentation-contract
      '@generative-ui/shared-types':
        specifier: workspace:*
        version: link:../../packages/shared-types
      '@generative-ui/ui-compiler-core':
        specifier: workspace:*
        version: link:../../packages/ui-compiler-core
      '@sinclair/typebox':
        specifier: ^0.34.52
        version: 0.34.52
      ajv:
        specifier: ^8.20.0
        version: 8.20.0
      fastify:
        specifier: 5.10.0
        version: 5.10.0
      mdast-util-from-markdown:
        specifier: 2.0.3
        version: 2.0.3
      mdast-util-to-markdown:
        specifier: 2.1.2
        version: 2.1.2
      micromark-util-sanitize-uri:
        specifier: 2.0.1
        version: 2.0.1
    devDependencies:
      '@types/mdast':
        specifier: 4.0.4
        version: 4.0.4
      tsup:
        specifier: 8.5.0
        version: 8.5.0(jiti@2.6.1)(postcss@8.5.22)(tsx@4.20.3)(typescript@5.8.3)(yaml@2.9.0)
      typescript:
        specifier: 5.8.3
        version: 5.8.3
      vitest:
        specifier: 3.2.4
        version: 3.2.4(@types/debug@4.1.13)(@types/node@24.0.15)(jiti@2.6.1)(tsx@4.20.3)(yaml@2.9.0)

  apps/web-workbench:
    dependencies:
      '@generative-ui/runtime-contract':
        specifier: workspace:*
        version: link:../../packages/runtime-contract
      markdown-it:
        specifier: 14.1.0
        version: 14.1.0
      vue:
        specifier: 3.5.40
        version: 3.5.40(typescript@5.8.3)
    devDependencies:
      '@playwright/test':
        specifier: 1.62.1
        version: 1.62.1
      '@types/markdown-it':
        specifier: 14.1.2
        version: 14.1.2
      '@types/ws':
        specifier: 8.18.1
        version: 8.18.1
      '@vitejs/plugin-vue':
        specifier: 6.0.8
        version: 6.0.8(vite@7.3.6(@types/node@24.0.15)(jiti@2.6.1)(tsx@4.20.3)(yaml@2.9.0))(vue@3.5.40(typescript@5.8.3))
      vite:
        specifier: 7.3.6
        version: 7.3.6(@types/node@24.0.15)(jiti@2.6.1)(tsx@4.20.3)(yaml@2.9.0)
      vitest:
        specifier: 3.2.4
        version: 3.2.4(@types/debug@4.1.13)(@types/node@24.0.15)(jiti@2.6.1)(tsx@4.20.3)(yaml@2.9.0)
      vue-tsc:
        specifier: 3.3.9
        version: 3.3.9(typescript@5.8.3)
      ws:
        specifier: 8.21.1
        version: 8.21.1

  packages/ag-ui-adapter:
    dependencies:
      '@generative-ui/compiler-contract':
        specifier: workspace:*
        version: link:../compiler-contract
      '@generative-ui/presentation-contract':
        specifier: workspace:*
        version: link:../presentation-contract
      '@generative-ui/shared-types':
        specifier: workspace:*
        version: link:../shared-types
      '@sinclair/typebox':
        specifier: ^0.34.52
        version: 0.34.52
      ajv:
        specifier: ^8.20.0
        version: 8.20.0
    devDependencies:
      tsup:
        specifier: 8.5.0
        version: 8.5.0(jiti@2.6.1)(postcss@8.5.22)(tsx@4.20.3)(typescript@5.8.3)(yaml@2.9.0)
      typescript:
        specifier: 5.8.3
        version: 5.8.3
      vitest:
        specifier: 3.2.4
        version: 3.2.4(@types/debug@4.1.13)(@types/node@24.0.15)(jiti@2.6.1)(tsx@4.20.3)(yaml@2.9.0)

  packages/compiler-contract:
    dependencies:
      '@generative-ui/presentation-contract':
        specifier: workspace:*
        version: link:../presentation-contract
      '@generative-ui/shared-types':
        specifier: workspace:*
        version: link:../shared-types
      '@sinclair/typebox':
        specifier: ^0.34.52
        version: 0.34.52
      ajv:
        specifier: ^8.20.0
        version: 8.20.0
    devDependencies:
      tsup:
        specifier: 8.5.0
        version: 8.5.0(jiti@2.6.1)(postcss@8.5.22)(tsx@4.20.3)(typescript@5.8.3)(yaml@2.9.0)
      typescript:
        specifier: 5.8.3
        version: 5.8.3
      vitest:
        specifier: 3.2.4
        version: 3.2.4(@types/debug@4.1.13)(@types/node@24.0.15)(jiti@2.6.1)(tsx@4.20.3)(yaml@2.9.0)

  packages/component-catalog-schema:
    dependencies:
      '@generative-ui/shared-types':
        specifier: workspace:*
        version: link:../shared-types
      '@sinclair/typebox':
        specifier: ^0.34.52
        version: 0.34.52
      ajv:
        specifier: ^8.20.0
        version: 8.20.0
    devDependencies:
      tsup:
        specifier: 8.5.0
        version: 8.5.0(jiti@2.6.1)(postcss@8.5.22)(tsx@4.20.3)(typescript@5.8.3)(yaml@2.9.0)
      typescript:
        specifier: 5.8.3
        version: 5.8.3
      vitest:
        specifier: 3.2.4
        version: 3.2.4(@types/debug@4.1.13)(@types/node@24.0.15)(jiti@2.6.1)(tsx@4.20.3)(yaml@2.9.0)

  packages/presentation-contract:
    dependencies:
      '@generative-ui/shared-types':
        specifier: workspace:*
        version: link:../shared-types
      '@sinclair/typebox':
        specifier: ^0.34.52
        version: 0.34.52
      ajv:
        specifier: ^8.20.0
        version: 8.20.0
    devDependencies:
      tsup:
        specifier: 8.5.0
        version: 8.5.0(jiti@2.6.1)(postcss@8.5.22)(tsx@4.20.3)(typescript@5.8.3)(yaml@2.9.0)
      typescript:
        specifier: 5.8.3
        version: 5.8.3
      vitest:
        specifier: 3.2.4
        version: 3.2.4(@types/debug@4.1.13)(@types/node@24.0.15)(jiti@2.6.1)(tsx@4.20.3)(yaml@2.9.0)

  packages/runtime-contract:
    dependencies:
      '@generative-ui/presentation-contract':
        specifier: workspace:*
        version: link:../presentation-contract
      '@generative-ui/shared-types':
        specifier: workspace:*
        version: link:../shared-types
      '@sinclair/typebox':
        specifier: ^0.34.52
        version: 0.34.52
      ajv:
        specifier: ^8.20.0
        version: 8.20.0
    devDependencies:
      tsup:
        specifier: 8.5.0
        version: 8.5.0(jiti@2.6.1)(postcss@8.5.22)(tsx@4.20.3)(typescript@5.8.3)(yaml@2.9.0)
      typescript:
        specifier: 5.8.3
        version: 5.8.3
      vitest:
        specifier: 3.2.4
        version: 3.2.4(@types/debug@4.1.13)(@types/node@24.0.15)(jiti@2.6.1)(tsx@4.20.3)(yaml@2.9.0)

  packages/shared-types:
    dependencies:
      '@sinclair/typebox':
        specifier: ^0.34.52
        version: 0.34.52
    devDependencies:
      ajv:
        specifier: ^8.20.0
        version: 8.20.0
      tsup:
        specifier: 8.5.0
        version: 8.5.0(jiti@2.6.1)(postcss@8.5.22)(tsx@4.20.3)(typescript@5.8.3)(yaml@2.9.0)
      typescript:
        specifier: 5.8.3
        version: 5.8.3
      vitest:
        specifier: 3.2.4
        version: 3.2.4(@types/debug@4.1.13)(@types/node@24.0.15)(jiti@2.6.1)(tsx@4.20.3)(yaml@2.9.0)

  packages/ui-compiler-core:
    dependencies:
      '@generative-ui/compiler-contract':
        specifier: workspace:*
        version: link:../compiler-contract
      '@generative-ui/component-catalog-schema':
        specifier: workspace:*
        version: link:../component-catalog-schema
      '@generative-ui/presentation-contract':
        specifier: workspace:*
        version: link:../presentation-contract
      '@generative-ui/shared-types':
        specifier: workspace:*
        version: link:../shared-types
    devDependencies:
      tsup:
        specifier: 8.5.0
        version: 8.5.0(jiti@2.6.1)(postcss@8.5.22)(tsx@4.20.3)(typescript@5.8.3)(yaml@2.9.0)
      typescript:
        specifier: 5.8.3
        version: 5.8.3
      vitest:
        specifier: 3.2.4
        version: 3.2.4(@types/debug@4.1.13)(@types/node@24.0.15)(jiti@2.6.1)(tsx@4.20.3)(yaml@2.9.0)

packages:

  '@ag-ui/a2ui-middleware@0.0.10':
    resolution: {integrity: sha512-2BQFUQ9vJzUAQSR0dNW/ijhyH8KpiRWISSLTP6mIe6ENyQ2cM1/XLG38/Dcb69olcs36gtZADZzAQWcno5H6fA==}
    peerDependencies:
      '@ag-ui/client': '>=0.0.40'
      rxjs: 7.8.1

  '@ag-ui/a2ui-toolkit@0.0.4':
    resolution: {integrity: sha512-9VPmgpCAsFVICk7z23kh+Kp/BwYMxw0D0KGjOiKXhm1MAH+Wid2iC3yKsXso+q7UZZiyhWgeDUSgaAkltyLmGg==}

  '@ag-ui/client@0.0.54':
    resolution: {integrity: sha512-N5UVXEBV5gPHqTuMoR/21brconRn42URf+MB4L8OniCJKqLcl/qUJb5kMamK0nnfBhDfPs/uq7LxDn6bsDJzJg==}

  '@ag-ui/client@0.0.57':
    resolution: {integrity: sha512-Xap2alG9Z0/j5kb3x4D7oTpe2sw1dfrC9rgJJr2NZu5vKcm8dzIPNd31mF2B4zS3BKqYIu245yxKPhEtT30MHw==}

  '@ag-ui/core@0.0.54':
    resolution: {integrity: sha512-Ilx31OvRQaZfU7jSArGqz06JZKOsAt8zWiCPJljyp9zR6Tzl18oyfx8o6FsuGfAktGRe50GI9SCCxNXXysZwtA==}

  '@ag-ui/core@0.0.57':
    resolution: {integrity: sha512-gho1OWjNE6E3Rl7ZEZ1wr2CEpUHjLFU0FqzCZZk439TicLu+BfLCMkMokB07bMGlRmbJ60hM6LW60iOVauCx+Q==}

  '@ag-ui/encoder@0.0.54':
    resolution: {integrity: sha512-0dPuE/eAeBRBDj/OOj5AW8SoP1r0dufmoOdrtKgmf+dlbVXKSNkDDHGrrvIWFPxwvPTWhHeN6wnsVUayWpUsGg==}

  '@ag-ui/encoder@0.0.57':
    resolution: {integrity: sha512-ifD9NctR4xyPDR58xF9GK1bj/S8oECFkTeDfuYD8tXdbcOstIJ2TOqU2zhiCKnw7Vw+zR9Qv3TbsM9E7Gi9X3Q==}

  '@ag-ui/langgraph@0.0.42':
    resolution: {integrity: sha512-dXasEbGQFJcasdoy5khYyDHZHYoD1/i7hioaP8cejfw+Dss4tLvN8ndzD6c5j0hmANaKscekl+zkF7UQq3sI9w==}
    peerDependencies:
      '@ag-ui/client': '>=0.0.42'
      '@ag-ui/core': '>=0.0.42'

  '@ag-ui/mcp-apps-middleware@0.0.3':
    resolution: {integrity: sha512-Z+NZQXj4J+Y/2PLNsiyhNzRWFtTT2sAoC5dztoAlIsdfzvLvYEa52YGdHesNTN85JJqaIrYxQ8e31IBpKjrnoA==}
    peerDependencies:
      '@ag-ui/client': '>=0.0.40'

  '@ag-ui/mcp-middleware@0.0.1':
    resolution: {integrity: sha512-TayUu7kB+jXUTPRUJesNvJYrP+0weTL9F2VJJ8QQ4sWxY/Ihjo+GgFYgJZYNcLwbo1DKgmVJtdm2XUouPCbxeg==}
    peerDependencies:
      rxjs: 7.8.1

  '@ag-ui/proto@0.0.54':
    resolution: {integrity: sha512-IPF+xeFaBAKKP2FO74MaVTkKUP8VaGGkbPzORCvC5TLDdGs+oQgQFqz+XoBeksQGE14+jgLWiAr9EPXdhqr1NA==}

  '@ag-ui/proto@0.0.57':
    resolution: {integrity: sha512-pPENOZt0P6ibH8sCTgq05wLYXi5t3P9B5r/1bWYehXjUxtyOdnukSlWM++SsCIwUXsQdm/b3aBgGjEeTF7RenA==}

  '@ai-sdk/anthropic@2.0.92':
    resolution: {integrity: sha512-MlIQpuOnchlroR93Dq2GNw12jh/SAVjuFARXWRF/2SfowMv3J2fvPBUzA60waoQivZlf3XkzQ2nxSwer7dnh2g==}
    engines: {node: '>=18'}
    peerDependencies:
      zod: ^3.25.76 || ^4.1.8

  '@ai-sdk/anthropic@3.0.104':
    resolution: {integrity: sha512-D1d/whdUWF8KrXr9TzK6/S1wD9WmmxJ5DRWgGJX6Ip8iZW0up/yRtWuZwTkuX86bOPQTd2c370lIVteEBUGxPg==}
    engines: {node: '>=18'}
    peerDependencies:
      zod: ^3.25.76 || ^4.1.8

  '@ai-sdk/gateway@3.0.160':
    resolution: {integrity: sha512-yL024nICtDX74vFkfFJl8t7uHlA3BXl/5C+Ah92dPunI0U2WPCPhTnmiWu4zEYTjZmmvFOC3pDojniLsHkUFqA==}
    engines: {node: '>=18'}
    peerDependencies:
      zod: ^3.25.76 || ^4.1.8

  '@ai-sdk/google-vertex@3.0.159':
    resolution: {integrity: sha512-wAgwJKnJ2auzZOB3X8HcgVypR+44cej1bQtktkefMxFKIvNfitaCsF3L4EkUNRwpPcxf176H4MfJDx0oNl4VxA==}
    engines: {node: '>=18'}
    peerDependencies:
      zod: ^3.25.76 || ^4.1.8

  '@ai-sdk/google@2.0.86':
    resolution: {integrity: sha512-MudH/IVlfPu6Z8KJBUEhGgfzRJ1WYfaFikshlYxbrwbKYQXXCnx17cts2rIO5RZwJ9Uq2trM8q9WYZyZCOZ6MA==}
    engines: {node: '>=18'}
    peerDependencies:
      zod: ^3.25.76 || ^4.1.8

  '@ai-sdk/google@3.0.103':
    resolution: {integrity: sha512-i/I92bfAeRPBvAwrW052NmPTkc+ZgVYs3vZjGhHgReE04cV37xJtbhZgr6U3CZKDArIAN0NhL0GoLpZ7FYV+dA==}
    engines: {node: '>=18'}
    peerDependencies:
      zod: ^3.25.76 || ^4.1.8

  '@ai-sdk/mcp@1.0.66':
    resolution: {integrity: sha512-IRfN+1T3dkCWD2RcvupozEmqrglaq2cw5FJsBbT59qHIJ6+jZiWQ4yVk7zaRqfmV/HoQIWvXIvcrZrMCagpa9A==}
    engines: {node: '>=18'}
    peerDependencies:
      zod: ^3.25.76 || ^4.1.8

  '@ai-sdk/openai-compatible@1.0.47':
    resolution: {integrity: sha512-6Esz5WZmm1YckHEHUtDurGEjoTbEI1CkcfUkL2Fu1rngWhrnW98hhaj3bnjuqwkG4U1SNwVEIfucMS3ZGADEiQ==}
    engines: {node: '>=18'}
    peerDependencies:
      zod: ^3.25.76 || ^4.1.8

  '@ai-sdk/openai@3.0.90':
    resolution: {integrity: sha512-GIucFshCN7JZwTDur25PsnLEMRUFfAKuLaA9TP9fzGxPC2Zxzl94tvat93ZdZLURkKOrDukU0E4fj73tKDWjTA==}
    engines: {node: '>=18'}
  óNûâÚ$z{-®éÜj×¢Bãrã ¢6V7W&RÖ§6öâ×'6S¢"ãrã ¢6öæ–2Ö&ööÓ¢Bã"ã¢7G&—Ö§6öâÖ6öÖÖVçG3¢2ãã ¢–æò×7FB×6W&–Æ—¦W'4rãã¢·Ð ¢–æôã2ã ¢FWVæFVæ6–W3 ¢t–æö§2÷&VF7Bs¢ãBã ¢FöÖ–2×6ÆVW¢ãã ¢öâÖW†—BÖÆV²Ög&VS¢"ãã ¢–æòÖ'7G&7B×G&ç7÷'C¢2ãã ¢–æò×7FB×6W&–Æ—¦W'3¢rãã ¢&ö6W72×v&æ–æs¢Rãã ¢V–6²Öf÷&ÖB×VæW66VC¢Bãã@¢&VÂ×&WV—&S¢ã"ã ¢6fR×7F&ÆR×7G&–æv–g“¢"ãRã ¢6öæ–2Ö&ööÓ¢Bã"ã¢F‡&VB×7G&VÓ¢Bã"ã  ¢–æô’ãBã ¢FWVæFVæ6–W3 ¢t–æö§2÷&VF7Bs¢ãBã ¢FöÖ–2×6ÆVW¢ãã ¢öâÖW†—BÖÆV²Ög&VS¢"ãã ¢–æòÖ'7G&7B×G&ç7÷'C¢"ãã ¢–æò×7FB×6W&–Æ—¦W'3¢rãã ¢&ö6W72×v&æ–æs¢Rãã ¢V–6²Öf÷&ÖB×VæW66VC¢Bãã@¢&VÂ×&WV—&S¢ã"ã ¢6fR×7F&ÆR×7G&–æv–g“¢"ãRã ¢6öæ–2Ö&ööÓ¢Bã"ã¢F‡&VB×7G&VÓ¢2ã"ã  ¢—&FW4Bããs¢·Ð ¢¶6RÖ6†ÆÆVævTRãã¢·Ð ¢¶r×G—W4ã2ã ¢FWVæFVæ6–W3 ¢6öæf&÷ƒ¢ãã€¢ÖÆÇ“¢ã‚ã ¢F†S¢"ãã0 ¢Æ—w&–v‡BÖ6÷&Tãc"ã¢·Ð ¢Æ—w&–v‡Dãc"ã ¢FWVæFVæ6–W3 ¢Æ—w&–v‡BÖ6÷&S¢ãc"ã¢÷F–öæÄFWVæFVæ6–W3 ¢g6WfVçG3¢"ã2ã  ¢÷7F772ÖÆöBÖ6öæf–tbãã†¦—F”"ãbã’‡÷7F774‚ãRã#"’‡G7„Bã#ã2’‡–ÖÄ"ã’ã“ ¢FWVæFVæ6–W3 ¢Æ–Æ6öæf–s¢2ãã0¢÷F–öæÄFWVæFVæ6–W3 ¢¦—F“¢"ãbã¢÷7F773¢‚ãRã# ¢G7ƒ¢Bã#ã0¢–ÖÃ¢"ã’ã  ¢÷7F774‚ãRã## ¢FWVæFVæ6–W3 ¢ææö–C¢2ã2ã`¢–6ö6öÆ÷'3¢ãã¢6÷W&6RÖÖÖ§3¢ã"ã ¢&WGF–W$"ã‚ãƒ¢·Ð ¢&ö6W72×v&æ–ætBãã¢·Ð ¢&ö6W72×v&æ–ætRãã¢·Ð ¢&ö6W74ãã¢·Ð ¢&÷‡’ÖFG$"ããs ¢FWVæFVæ6–W3 ¢f÷'v&FVC¢ã"ã ¢—FG"æ§3¢ã’ã ¢V×2ããC ¢FWVæFVæ6–W3 ¢VæBÖöb×7G&VÓ¢ãBãP¢öæ6S¢ãBã  ¢Vç–6öFRæ§4"ã2ã¢·Ð ¢Vç–6öFT"ã2ã¢·Ð ¢4bãRã3 ¢FWVæFVæ6–W3 ¢W2ÖFVf–æR×&÷W'G“¢ãã¢6–FRÖ6†ææVÃ¢ãã ¢Vç7–æ4ã"ã¢·Ð ¢VWVRÖÖ–7&÷F6´ã"ã3¢·Ð ¢V–6²Öf÷&ÖB×VæW66VDBããC¢·Ð ¢&ævR×'6W$ã"ã¢·Ð ¢&ævR×'6W$ã2ã¢·Ð ¢&rÖ&öG”"ãRã3 ¢FWVæFVæ6–W3 ¢'—FW3¢2ãã ¢‡GGÖW'&÷'3¢"ãã¢–6öçbÖÆ—FS¢ãBã#@¢Vç—S¢ãã  ¢&rÖ&öG”2ãã# ¢FWVæFVæ6–W3 ¢'—FW3¢2ãã ¢‡GGÖW'&÷'3¢"ãã¢–6öçbÖÆ—FS¢ãrã0¢Vç—S¢ãã  ¢&VB×–ÖÂÖf–ÆTãã ¢FWVæFVæ6–W3 ¢w&6VgVÂÖg3¢Bã"ã¢§2×–ÖÃ¢2ãRã ¢–g“¢Bãã¢7G&—Ö&öÓ¢2ãã  ¢&VF&ÆR×7G&VÔBãrã ¢FWVæFVæ6–W3 ¢&÷'BÖ6öçG&öÆÆW#¢2ãã ¢'VffW#¢bãã0¢WfVçG3¢2ã2ã ¢&ö6W73¢ãã ¢7G&–æuöFV6öFW#¢ã2ã  ¢&VFF—'Bãã#¢·Ð ¢&VÂ×&WV—&Tã"ã¢·Ð ¢&VÂ×&WV—&Tãã¢·Ð ¢&VfÆV7BÖÖWFFFã"ã#¢·Ð ¢&WV—&RÖF—&V7F÷'”"ãã¢·Ð ¢&WV—&RÖg&öÒ×7G&–æt"ãã#¢·Ð ¢&W6öÇfRÖg&öÔBãã¢·Ð ¢&W6öÇfRÖg&öÔRãã¢·Ð ¢&W6öÇfR×¶rÖÖ4ãã¢·Ð ¢&WDãRã¢·Ð ¢&WW6–g”ãã¢·Ð ¢&fF4ãBã¢·Ð ¢&öÆÇWBãc"ã# ¢FWVæFVæ6–W3 ¢tG—W2öW7G&VRs¢ãã¢÷F–öæÄFWVæFVæ6–W3 ¢t&öÆÇW÷&öÆÇWÖæG&ö–BÖ&ÒÖV&’s¢Bãc"ã ¢t&öÆÇW÷&öÆÇWÖæG&ö–BÖ&ÓcBs¢Bãc"ã ¢t&öÆÇW÷&öÆÇWÖF'v–âÖ&ÓcBs¢Bãc"ã ¢t&öÆÇW÷&öÆÇWÖF'v–â×ƒcBs¢Bãc"ã ¢t&öÆÇW÷&öÆÇWÖg&VV'6BÖ&ÓcBs¢Bãc"ã ¢t&öÆÇW÷&öÆÇWÖg&VV'6B×ƒcBs¢Bãc"ã ¢t&öÆÇW÷&öÆÇWÖÆ–çW‚Ö&ÒÖvçVV&–†bs¢Bãc"ã ¢t&öÆÇW÷&öÆÇWÖÆ–çW‚Ö&ÒÖ×W6ÆV&–†bs¢Bãc"ã ¢t&öÆÇW÷&öÆÇWÖÆ–çW‚Ö&ÓcBÖvçRs¢Bãc"ã ¢t&öÆÇW÷&öÆÇWÖÆ–çW‚Ö&ÓcBÖ×W6Âs¢Bãc"ã ¢t&öÆÇW÷&öÆÇWÖÆ–çW‚ÖÆööæscBÖvçRs¢Bãc"ã ¢t&öÆÇW÷&öÆÇWÖÆ–çW‚ÖÆööæscBÖ×W6Âs¢Bãc"ã ¢t&öÆÇW÷&öÆÇWÖÆ–çW‚×3cBÖvçRs¢Bãc"ã ¢t&öÆÇW÷&öÆÇWÖÆ–çW‚×3cBÖ×W6Âs¢Bãc"ã ¢t&öÆÇW÷&öÆÇWÖÆ–çW‚×&—67ccBÖvçRs¢Bãc"ã ¢t&öÆÇW÷&öÆÇWÖÆ–çW‚×&—67ccBÖ×W6Âs¢Bãc"ã ¢t&öÆÇW÷&öÆÇWÖÆ–çW‚×33“‚ÖvçRs¢Bãc"ã ¢t&öÆÇW÷&öÆÇWÖÆ–çW‚×ƒcBÖvçRs¢Bãc"ã ¢t&öÆÇW÷&öÆÇWÖÆ–çW‚×ƒcBÖ×W6Âs¢Bãc"ã ¢t&öÆÇW÷&öÆÇWÖ÷Væ'6B×ƒcBs¢Bãc"ã ¢t&öÆÇW÷&öÆÇWÖ÷Væ†&Ööç’Ö&ÓcBs¢Bãc"ã ¢t&öÆÇW÷&öÆÇW×v–ã3"Ö&ÓcBÖ×7f2s¢Bãc"ã ¢t&öÆÇW÷&öÆÇW×v–ã3"Ö–3"Ö×7f2s¢Bãc"ã ¢t&öÆÇW÷&öÆÇW×v–ã3"×ƒcBÖvçRs¢Bãc"ã ¢t&öÆÇW÷&öÆÇW×v–ã3"×ƒcBÖ×7f2s¢Bãc"ã ¢g6WfVçG3¢"ã2ã0 ¢&÷WFW$"ã"ã ¢FWVæFVæ6–W3 ¢FV'Vs¢BãBã0¢FWC¢"ãã ¢—2×&öÖ—6S¢Bãã ¢'6WW&Ã¢ã2ã0¢F‚×Fò×&VvW‡¢‚ãBã ¢G&ç6—F—fUVW$FWVæFVæ6–W3 ¢Ò7W÷'G2Ö6öÆ÷  ¢'Vâ×&ÆÆVÄã"ã ¢FWVæFVæ6–W3 ¢VWVRÖÖ–7&÷F6³¢ã"ã0 ¢'†§4rã‚ã ¢FWVæFVæ6–W3 ¢G6Æ–#¢"ã‚ã ¢6fRÖ'VffW$Rã"ã¢·Ð ¢6fR×&VvWƒ$Rãã ¢FWVæFVæ6–W3 ¢&WC¢ãRã  ¢6fR×7F&ÆR×7G&–æv–g”"ãRã¢·Ð ¢6fW"Ö'VffW$"ãã#¢·Ð ¢6V7W&RÖ§6öâ×'6T"ãrã¢·Ð ¢6V7W&RÖ§6öâ×'6TBãã¢·Ð ¢6V×fW$rã‚ãS¢·Ð ¢6VæDã’ã# ¢FWVæFVæ6–W3 ¢FV'Vs¢"ãbã¢FWC¢"ãã ¢FW7G&÷“¢ã"ã ¢Væ6öFWW&Ã¢"ãã ¢W66RÖ‡FÖÃ¢ãã0¢WFs¢ã‚ã¢g&W6ƒ¢ãRã ¢‡GGÖW'&÷'3¢"ãã¢Ö–ÖS¢ãbã ¢×3¢"ãã0¢öâÖf–æ—6†VC¢"ãBã¢&ævR×'6W#¢ã"ã¢7FGW6W3¢"ãã ¢G&ç6—F—fUVW$FWVæFVæ6–W3 ¢Ò7W÷'G2Ö6öÆ÷  ¢6VæDã"ã ¢FWVæFVæ6–W3 ¢FV'Vs¢BãBã0¢Væ6öFWW&Ã¢"ãã ¢W66RÖ‡FÖÃ¢ãã0¢WFs¢ã‚ã¢g&W6ƒ¢"ãã ¢‡GGÖW'&÷'3¢"ãã¢Ö–ÖR×G—W3¢2ãã ¢×3¢"ãã0¢öâÖf–æ—6†VC¢"ãBã¢&ævR×'6W#¢ã2ã ¢7FGW6W3¢"ãã ¢G&ç6—F—fUVW$FWVæFVæ6–W3 ¢Ò7W÷'G2Ö6öÆ÷  ¢6W'fR×7FF–4ãbã3 ¢FWVæFVæ6–W3 ¢Væ6öFWW&Ã¢"ãã ¢W66RÖ‡FÖÃ¢ãã0¢'6WW&Ã¢ã2ã0¢6VæC¢ã’ã ¢G&ç6—F—fUVW$FWVæFVæ6–W3 ¢Ò7W÷'G2Ö6öÆ÷  ¢6W'fR×7FF–4"ã"ã ¢FWVæFVæ6–W3 ¢Væ6öFWW&Ã¢"ãã ¢W66RÖ‡FÖÃ¢ãã0¢'6WW&Ã¢ã2ã0¢6VæC¢ã"ã¢G&ç6—F—fUVW$FWVæFVæ6–W3 ¢Ò7W÷'G2Ö6öÆ÷  ¢6WBÖ6öö¶–R×'6W$"ãrã#¢·Ð ¢6WG&÷F÷G—Vödã"ã¢·Ð ¢6†V&ærÖ6öÖÖæD"ãã ¢FWVæFVæ6–W3 ¢6†V&ær×&VvWƒ¢2ãã  ¢6†V&ær×&VvW„2ãã¢·Ð ¢6–FRÖ6†ææVÂÖÆ—7Dãã ¢FWVæFVæ6–W3 ¢W2ÖW'&÷'3¢ã2ã ¢ö&¦V7BÖ–ç7V7C¢ã2ã@ ¢6–FRÖ6†ææVÂÖÖãã ¢FWVæFVæ6–W3 ¢6ÆÂÖ&÷VæC¢ãã@¢W2ÖW'&÷'3¢ã2ã ¢vWBÖ–çG&–ç6–3¢ã2ã ¢ö&¦V7BÖ–ç7V7C¢ã2ã@ ¢6–FRÖ6†ææVÂ×vV¶Öãã# ¢FWVæFVæ6–W3 ¢6ÆÂÖ&÷VæC¢ãã@¢W2ÖW'&÷'3¢ã2ã ¢vWBÖ–çG&–ç6–3¢ã2ã ¢ö&¦V7BÖ–ç7V7C¢ã2ã@¢6–FRÖ6†ææVÂÖÖ¢ãã ¢6–FRÖ6†ææVÄãã ¢FWVæFVæ6–W3 ¢W2ÖW'&÷'3¢ã2ã ¢ö&¦V7BÖ–ç7V7C¢ã2ã@¢6–FRÖ6†ææVÂÖÆ—7C¢ãã¢6–FRÖ6†ææVÂÖÖ¢ãã¢6–FRÖ6†ææVÂ×vV¶Ö¢ãã  ¢6–v–æfô"ãã¢·Ð ¢6–væÂÖW†—DBãã¢·Ð ¢6Æ6„2ãã¢·Ð ¢6Æ6„Rãã¢·Ð ¢6öæ–2Ö&ööÔBã"ã ¢FWVæFVæ6–W3 ¢FöÖ–2×6ÆVW¢ãã  ¢6÷W&6RÖÖÖ§4ã"ã¢·Ð ¢6÷W&6RÖÖã‚ãÖ&WFã ¢FWVæFVæ6–W3 ¢v†Gvr×W&Ã¢rãã  ¢7væFÖæ—D2ãã ¢FWVæFVæ6–W3 ¢7&÷72×7vã¢rãã`¢6–væÂÖW†—C¢Bãã  ¢7Æ—C$Bã"ã¢·Ð ¢7&–çFbÖ§4ãã3¢·Ð ¢7F6¶&6´ãã#¢·Ð ¢7FGW6W4"ãã#¢·Ð ¢7FBÖVçd2ãã¢·Ð ¢7G&–ær×v–GF„Bã"ã3 ¢FWVæFVæ6–W3 ¢VÖö¦’×&VvWƒ¢‚ãã ¢—2ÖgVÆÇv–GF‚Ö6öFR×ö–çC¢2ãã ¢7G&—Öç6“¢bãã ¢7G&–æuöFV6öFW$ã2ã ¢FWVæFVæ6–W3 ¢6fRÖ'VffW#¢Rã"ã ¢7G&—Öç6”bãã ¢FWVæFVæ6–W3 ¢ç6’×&VvWƒ¢Rãã ¢7G&—Ö&öÔ2ãã¢·Ð ¢7G&—Ö§6öâÖ6öÖÖVçG42ãã¢·Ð ¢7G&—ÖÆ—FW&Ä2ãã ¢FWVæFVæ6–W3 ¢§2×Fö¶Vç3¢’ãã ¢7V7&6T2ã3Rã ¢FWVæFVæ6–W3 ¢t§&–FvWvVÆÂövVâÖÖ–ærs¢ã2ã0¢6öÖÖæFW#¢Bãã¢Æ–æW2ÖæBÖ6öÇVÖç3¢ã"ã@¢×£¢"ãrã ¢—&FW3¢Bããp¢F–ç–vÆö&'“¢ã"ãp¢G2Ö–çFW&f6RÖ6†V6¶W#¢ãã0 ¢7W÷'G2Ö6öÆ÷$rã"ã ¢FWVæFVæ6–W3 ¢†2ÖfÆs¢Bãã  ¢FW&Ò×6—¦T"ã"ã¢·Ð ¢FW‡BÖW‡FVç6–öç4"ãBã¢·Ð ¢F†Væ–g’ÖÆÄãbã ¢FWVæFVæ6–W3 ¢F†Væ–g“¢2ã2ã ¢F†Væ–g”2ã2ã ¢FWVæFVæ6–W3 ¢ç’×&öÖ—6S¢ã2ã  ¢F‡&VB×7G&VÔ2ã"ã ¢FWVæFVæ6–W3 ¢&VÂ×&WV—&S¢ã"ã  ¢F‡&VB×7G&VÔBã"ã ¢FWVæFVæ6–W3 ¢&VÂ×&WV—&S¢ãã  ¢F‡&÷Vv„"ã2ãƒ¢·Ð ¢F–ç–&Væ6„"ã’ã¢·Ð ¢F–ç–W†V4ã2ã#¢·Ð ¢F–ç–W†V4ã"ãC¢·Ð ¢F–ç–vÆö&'”ã"ãs ¢FWVæFVæ6–W3 ¢fF—#¢bãRã‡–6öÖF6„BããR¢–6öÖF6ƒ¢BããP ¢F–ç—ööÄãã¢·Ð ¢F–ç—&–æ&÷t"ãã¢·Ð ¢F–ç—7”BããC¢·Ð ¢F×ãã33 ¢FWVæFVæ6–W3 ¢÷2×F×F—#¢ãã  ¢Fò×&VvW‚×&ævTRãã ¢FWVæFVæ6–W3 ¢—2ÖçVÖ&W#¢rãã  ¢FöBÖ66†T2ãrãC¢·Ð ¢Fö–FVçF–f–W$ãã¢·Ð ¢G#Cdãã3¢·Ð ¢G#Cdãã ¢FWVæFVæ6–W3 ¢Vç–6öFS¢"ã2ã ¢G&VRÖ¶–ÆÄã"ã#¢·Ð ¢G2Ö–çFW&f6RÖ6†V6¶W$ãã3¢·Ð ¢G6Æ–$"ã‚ã¢·Ð ¢G7W‚ãRã†¦—F”"ãbã’‡÷7F774‚ãRã#"’‡G7„Bã#ã2’‡G—W67&—DRã‚ã2’‡–ÖÄ"ã’ã“ ¢FWVæFVæ6–W3 ¢'VæFÆR×&WV—&S¢Rãã†W6'V–ÆDã#Rã"¢63¢bãrã@¢6†ö¶–F#¢Bãã0¢6öç6öÆ¢2ãBã ¢FV'Vs¢BãBã0¢W6'V–ÆC¢ã#Rã ¢f—‚ÖGG2ÖFVfVÇBÖ6§2ÖW‡÷'G3¢ãã¢¦÷–6öã¢2ãã¢–6ö6öÆ÷'3¢ãã¢÷7F772ÖÆöBÖ6öæf–s¢bãã†¦—F”"ãbã’‡÷7F774‚ãRã#"’‡G7„Bã#ã2’‡–ÖÄ"ã’ã¢&W6öÇfRÖg&öÓ¢Rãã ¢&öÆÇW¢Bãc"ã ¢6÷W&6RÖÖ¢ã‚ãÖ&WFã ¢7V7&6S¢2ã3Rã¢F–ç–W†V3¢ã2ã ¢F–ç–vÆö&'“¢ã"ãp¢G&VRÖ¶–ÆÃ¢ã"ã ¢÷F–öæÄFWVæFVæ6–W3 ¢÷7F773¢‚ãRã# ¢G—W67&—C¢Rã‚ã0¢G&ç6—F—fUVW$FWVæFVæ6–W3 ¢Ò¦—F¢Ò7W÷'G2Ö6öÆ÷ ¢ÒG7€¢Ò–ÖÀ ¢G7„Bã#ã3 ¢FWVæFVæ6–W3 ¢W6'V–ÆC¢ã#Rã ¢vWB×G66öæf–s¢BãBã ¢÷F–öæÄFWVæFVæ6–W3 ¢g6WfVçG3¢"ã2ã0 ¢GW&&òÖF'v–âÓcD"ãRãS ¢÷F–öæÃ¢G'VP ¢GW&&òÖF'v–âÖ&ÓcD"ãRãS ¢÷F–öæÃ¢G'VP ¢GW&&òÖÆ–çW‚ÓcD"ãRãS ¢÷F–öæÃ¢G'VP ¢GW&&òÖÆ–çW‚Ö&ÓcD"ãRãS ¢÷F–öæÃ¢G'VP ¢GW&&ò×v–æF÷w2ÓcD"ãRãS ¢÷F–öæÃ¢G'VP ¢GW&&ò×v–æF÷w2Ö&ÓcD"ãRãS ¢÷F–öæÃ¢G'VP ¢GW&&ô"ãRãS ¢÷F–öæÄFWVæFVæ6–W3 ¢GW&&òÖF'v–âÓcC¢"ãRãP¢GW&&òÖF'v–âÖ&ÓcC¢"ãRãP¢GW&&òÖÆ–çW‚ÓcC¢"ãRãP¢GW&&òÖÆ–çW‚Ö&ÓcC¢"ãRãP¢GW&&ò×v–æF÷w2ÓcC¢"ãRãP¢GW&&ò×v–æF÷w2Ö&ÓcC¢"ãRãP ¢G—RÖw&‡Ä"ãã×&2ã†6Æ72×fÆ–FF÷$ãBãB’†w&‡Â×66Æ'4ã#Rã†w&‡ÄbãBã"’’†w&‡ÄbãBã"“ ¢FWVæFVæ6–W3 ¢tw&‡Â×–öv÷7V'67&—F–öâs¢RããP¢tG—W2öæöFRs¢#BããP¢tG—W2÷6V×fW"s¢rãrã¢w&‡Ã¢bãBã ¢w&‡Â×VW'’Ö6ö×ÆW†—G“¢ã"ã†w&‡ÄbãBã"¢w&‡Â×66Æ'3¢ã#Rã†w&‡ÄbãBã"¢6V×fW#¢rã‚ãP¢G6Æ–#¢"ã‚ã¢÷F–öæÄFWVæFVæ6–W3 ¢6Æ72×fÆ–FF÷#¢ãBã@ ¢G—RÖ—4ãbãƒ ¢FWVæFVæ6–W3 ¢ÖVF–×G—W#¢ã2ã ¢Ö–ÖR×G—W3¢"ãã3P ¢G—RÖ—4"ãã ¢FWVæFVæ6–W3 ¢6öçFVçB×G—S¢"ãã ¢ÖVF–×G—W#¢ãã¢Ö–ÖR×G—W3¢2ãã  ¢G—W67&—DRã‚ã3¢·Ð ¢V2æÖ–7&ô"ãã¢·Ð ¢VfôãbãC¢·Ð ¢VæF–6’×G—W4rã‚ã¢·Ð ¢VæF–6”Rã#’ã ¢FWVæFVæ6–W3 ¢tf7F–g’ö'W6&÷’s¢"ãã ¢Væ–6÷&âÖÖv–4ãã¢·Ð ¢Væ–6÷&âÖÖv–4ã2ã¢·Ð ¢Væ—7B×WF–ÂÖ—4bãã ¢FWVæFVæ6–W3 ¢tG—W2÷Væ—7Bs¢2ãã0 ¢Væ—7B×WF–Â×7G&–æv–g’×÷6—F–öäBãã ¢FWVæFVæ6–W3 ¢tG—W2÷Væ—7Bs¢2ãã0 ¢Væ—7B×WF–Â×f—6—B×&VçG4bãã# ¢FWVæFVæ6–W3 ¢tG—W2÷Væ—7Bs¢2ãã0¢Væ—7B×WF–ÂÖ—3¢bãã ¢Væ—7B×WF–Â×f—6—DRãã ¢FWVæFVæ6–W3 ¢tG—W2÷Væ—7Bs¢2ãã0¢Væ—7B×WF–ÂÖ—3¢bãã¢Væ—7B×WF–Â×f—6—B×&VçG3¢bãã  ¢Væ—fW'6Æ–g”ãã#¢·Ð ¢Vç—Tãã¢·Ð ¢VçG'Væ6FRÖ§6öäãã¢·Ð ¢W&ÇGFW&â×öÇ–f–ÆÄãã¢·Ð ¢WF–Ç2ÖÖW&vTãã¢·Ð ¢WV–Dãã¢·Ð ¢WV–Dãã¢·Ð ¢fÆ–FF÷$2ãRã3S¢·Ð ¢f'”ãã#¢·Ð ¢f—FRÖæöFT2ã"ãB„G—W2öæöFT#BããR’†¦—F”"ãbã’‡G7„Bã#ã2’‡–ÖÄ"ã’ã“ ¢FWVæFVæ6–W3 ¢63¢bãrã@¢FV'Vs¢BãBã0¢W2ÖÖöGVÆRÖÆW†W#¢ãrã ¢F†S¢"ãã0¢f—FS¢rã2ãb„G—W2öæöFT#BããR’†¦—F”"ãbã’‡G7„Bã#ã2’‡–ÖÄ"ã’ã¢G&ç6—F—fUVW$FWVæFVæ6–W3 ¢ÒtG—W2öæöFRp¢Ò¦—F¢ÒÆW70¢ÒÆ–v‡Fæ–æv770¢Ò670¢Ò672ÖVÖ&VFFV@¢Ò7G–ÇW0¢Ò7Vv'70¢Ò7W÷'G2Ö6öÆ÷ ¢ÒFW'6W ¢ÒG7€¢Ò–ÖÀ ¢f—FTrã2ãb„G—W2öæöFT#BããR’†¦—F”"ãbã’‡G7„Bã#ã2’‡–ÖÄ"ã’ã“ ¢FWVæFVæ6–W3 ¢W6'V–ÆC¢ã#‚ã¢fF—#¢bãRã‡–6öÖF6„BããR¢–6öÖF6ƒ¢BããP¢÷7F773¢‚ãRã# ¢&öÆÇW¢Bãc"ã ¢F–ç–vÆö&'“¢ã"ãp¢÷F–öæÄFWVæFVæ6–W3 ¢tG—W2öæöFRs¢#BããP¢g6WfVçG3¢"ã2ã0¢¦—F“¢"ãbã¢G7ƒ¢Bã#ã0¢–ÖÃ¢"ã’ã  ¢f—FW7D2ã"ãB„G—W2öFV'VtBãã2’„G—W2öæöFT#BããR’†¦—F”"ãbã’‡G7„Bã#ã2’‡–ÖÄ"ã’ã“ ¢FWVæFVæ6–W3 ¢tG—W2ö6†’s¢Rã"ã0¢tf—FW7BöW‡V7Bs¢2ã"ã@¢tf—FW7BöÖö6¶W"s¢2ã"ãB‡f—FTrã2ãb„G—W2öæöFT#BããR’†¦—F”"ãbã’‡G7„Bã#ã2’‡–ÖÄ"ã’ã’¢tf—FW7B÷&WGG’Öf÷&ÖBs¢2ã"ãp¢tf—FW7B÷'VææW"s¢2ã"ã@¢tf—FW7B÷6æ6†÷Bs¢2ã"ã@¢tf—FW7B÷7’s¢2ã"ã@¢tf—FW7B÷WF–Ç2s¢2ã"ã@¢6†“¢Rã2ã0¢FV'Vs¢BãBã0¢W‡V7B×G—S¢ãBã ¢Öv–2×7G&–æs¢ã3ã#¢F†S¢"ãã0¢–6öÖF6ƒ¢BããP¢7FBÖVçc¢2ãã ¢F–ç–&Væ6ƒ¢"ã’ã ¢F–ç–W†V3¢ã2ã ¢F–ç–vÆö&'“¢ã"ãp¢F–ç—ööÃ¢ãã¢F–ç—&–æ&÷s¢"ãã ¢f—FS¢rã2ãb„G—W2öæöFT#BããR’†¦—F”"ãbã’‡G7„Bã#ã2’‡–ÖÄ"ã’ã¢f—FRÖæöFS¢2ã"ãB„G—W2öæöFT#BããR’†¦—F”"ãbã’‡G7„Bã#ã2’‡–ÖÄ"ã’ã¢v‡’Ö—2ÖæöFR×'Vææ–æs¢"ã2ã ¢÷F–öæÄFWVæFVæ6–W3 ¢tG—W2öFV'Vrs¢Bãã0¢tG—W2öæöFRs¢#BããP¢G&ç6—F—fUVW$FWVæFVæ6–W3 ¢Ò¦—F¢ÒÆW70¢ÒÆ–v‡Fæ–æv770¢Ò×7p¢Ò670¢Ò672ÖVÖ&VFFV@¢Ò7G–ÇW0¢Ò7Vv'70¢Ò7W÷'G2Ö6öÆ÷ ¢ÒFW'6W ¢ÒG7€¢Ò–ÖÀ ¢g66öFRÖÆæwVvW6W'fW"×FW‡FFö7VÖVçDãã#¢·Ð ¢g66öFR×W&”2ãã¢·Ð ¢gVR×G642ã2ã’‡G—W67&—DRã‚ã2“ ¢FWVæFVæ6–W3 ¢tföÆ"÷G—W67&—Bs¢"ãBã#€¢tgVRöÆæwVvRÖ6÷&Rs¢2ã2ã¢G—W67&—C¢Rã‚ã0 ¢gVT2ãRãC‡G—W67&—DRã‚ã2“ ¢FWVæFVæ6–W3 ¢tgVRö6ö×–ÆW"ÖFöÒs¢2ãRãC ¢tgVRö6ö×–ÆW"×6f2s¢2ãRãC ¢tgVR÷'VçF–ÖRÖFöÒs¢2ãRãC ¢tgVR÷6W'fW"×&VæFW&W"s¢2ãRãC ¢tgVR÷6†&VBs¢2ãRãC ¢÷F–öæÄFWVæFVæ6–W3 ¢G—W67&—C¢Rã‚ã0 ¢vV"×7G&V×2×öÇ–f–ÆÄ2ã2ã3¢·Ð ¢vV&–FÂÖ6öçfW'6–öç42ãã¢·Ð ¢vV&–FÂÖ6öçfW'6–öç4Bãã#¢·Ð ¢v†Gvr×W&ÄRãã ¢FWVæFVæ6–W3 ¢G#Cc¢ãã0¢vV&–FÂÖ6öçfW'6–öç3¢2ãã ¢v†Gvr×W&Ärãã ¢FWVæFVæ6–W3 ¢ÆöF6‚ç6÷'F'“¢Bãrã ¢G#Cc¢ãã¢vV&–FÂÖ6öçfW'6–öç3¢Bãã  ¢v†–6„"ãã# ¢FWVæFVæ6–W3 ¢—6W†S¢"ãã  ¢v‡’Ö—2ÖæöFR×'Vææ–æt"ã2ã ¢FWVæFVæ6–W3 ¢6–v–æfó¢"ãã ¢7F6¶&6³¢ãã  ¢w&Öç6”rãã ¢FWVæFVæ6–W3 ¢ç6’×7G–ÆW3¢Bã2ã ¢7G&–ær×v–GFƒ¢Bã"ã0¢7G&—Öç6“¢bãã ¢w&”ãã#¢·Ð ¢w4‚ã#ã¢·Ð ¢†FrÖ&6VF—$Rãã¢·Ð ¢“†äRããƒ¢·Ð ¢–ÖÄ"ã’ã¢·Ð ¢–&w2×'6W$#ãã¢·Ð ¢–&w4rãrã3 ¢FWVæFVæ6–W3 ¢6Æ—V“¢‚ãã¢W66ÆFS¢2ã"ã ¢vWBÖ6ÆÆW"Öf–ÆS¢"ããP¢&WV—&RÖF—&V7F÷'“¢"ãã¢7G&–ær×v–GFƒ¢Bã"ã0¢“†ã¢Rãã€¢–&w2×'6W#¢#ãã ¢–ö7Fò×VWVTã"ã#¢·Ð ¢¦öB×FòÖ§6öâ×66†VÖ2ã#Rã"‡¦öD2ã#Rãsb“ ¢FWVæFVæ6–W3 ¢¦öC¢2ã#Rãs` ¢¦öD2ã#Rãsc¢·Ð ¢§v—F6„"ããC¢·Ð