lockfileVersion: '9.0'

settings:
  autoInstallPeers: true
  excludeLinksFromLockfile: false

importers:

  .:
    devDependencies:
      '@biomejs/biome':
        specifier: 2.1.2
        version: 2.1.2
      '@changesets/cli':
        specifier: 2.29.5
        version: 2.29.5
      '@commitlint/cli':
        specifier: 19.8.1
        version: 19.8.1(@types/node@24.0.15)(typescript@5.8.3)
      '@commitlint/config-conventional':
        specifier: 19.8.1
        version: 19.8.1
      '@types/node':
        specifier: 24.0.15
        version: 24.0.15
      cspell:
        specifier: 9.1.1
        version: 9.1.1
      lefthook:
        specifier: 1.11.14
        version: 1.11.14
      markdownlint-cli2:
        specifier: 0.18.1
        version: 0.18.1
      tsup:
        specifier: 8.5.0
        version: 8.5.0(jiti@2.6.1)(postcss@8.5.22)(tsx@4.20.3)(typescript@5.8.3)(yaml@2.9.0)
      tsx:
        specifier: 4.20.3
        version: 4.20.3
      turbo:
        specifier: 2.5.5
        version: 2.5.5
      typescript:
        specifier: 5.8.3
        version: 5.8.3
      vitest:
        specifier: 3.2.4
        version: 3.2.4(@types/debug@4.1.13)(@types/node@24.0.15)(jiti@2.6.1)(tsx@4.20.3)(yaml@2.9.0)

  apps/agent-runtime-host:
    dependencies:
      '@ag-ui/client':
        specifier: 0.0.57
        version: 0.0.57
      '@copilotkit/runtime':
        specifier: 1.63.2
        version: 1.63.2(@cfworker/json-schema@4.1.1)(@langchain/core@1.2.4(@opentelemetry/api@1.9.1)(openai@6.48.0(ws@8.21.1)(zod@3.25.76))(ws@8.21.1))(@langchain/langgraph-sdk@1.9.28(@langchain/core@1.2.4(@opentelemetry/api@1.9.1)(openai@6.48.0(ws@8.21.1)(zod@3.25.76))(ws@8.21.1)))(@opentelemetry/api@1.9.1)(langchain@1.5.4(@langchain/core@1.2.4(@opentelemetry/api@1.9.1)(openai@6.48.0(ws@8.21.1)(zod@3.25.76))(ws@8.21.1))(@opentelemetry/api@1.9.1)(openai@6.48.0(ws@8.21.1)(zod@3.25.76))(ws@8.21.1))(openai@6.48.0(ws@8.21.1)(zod@3.25.76))(vitest@3.2.4(@types/debug@4.1.13)(@types/node@24.0.15)(jiti@2.6.1)(tsx@4.20.3)(yaml@2.9.0))
      express:
        specifier: 5.1.0
        version: 5.1.0
      openai:
        specifier: 6.48.0
        version: 6.48.0(ws@8.21.1)(zod@3.25.76)
    devDependencies:
      '@types/express':
        specifier: 5.0.3
        version: 5.0.3
      tsup:
        specifier: 8.5.0
        version: 8.5.0(jiti@2.6.1)(postcss@8.5.22)(tsx@4.20.3)(typescript@5.8.3)(yaml@2.9.0)
      tsx:
        specifier: 4.20.3
        version: 4.20.3
      typescript:
        specifier: 5.8.3
        version: 5.8.3
      vitest:
        specifier: 3.2.4
        version: 3.2.4(@types/debug@4.1.13)(@types/node@24.0.15)(jiti@2.6.1)(tsx@4.20.3)(yaml@2.9.0)

  apps/business-agent-langgraph:
    dependencies:
      '@generative-ui/runtime-contract':
        specifier: workspace:*
        version: link:../../packages/runtime-contract
      '@langchain/core':
        specifier: 1.2.4
        version: 1.2.4(@opentelemetry/api@1.9.1)(openai@6.48.0(ws@8.21.1)(zod@3.25.76))(ws@8.21.1)
      '@langchain/langgraph':
        specifier: 1.4.8
        version: 1.4.8(@langchain/core@1.2.4(@opentelemetry/api@1.9.1)(openai@6.48.0(ws@8.21.1)(zod@3.25.76))(ws@8.21.1))(zod@3.25.76)
      fastify:
        specifier: 5.10.0
        version: 5.10.0
      zod:
        specifier: 3.25.76
        version: 3.25.76
    devDependencies:
      tsup:
        specifier: 8.5.0
        version: 8.5.0(jiti@2.6.1)(postcss@8.5.22)(tsx@4.20.3)(typescript@5.8.3)(yaml@2.9.0)
      tsx:
        specifier: 4.20.3
        version: 4.20.3
      typescript:
        specifier: 5.8.3
        version: 5.8.3
      vitest:
        specifier: 3.2.4
        version: 3.2.4(@types/debug@4.1.13)(@types/node@24.0.15)(jiti@2.6.1)(tsx@4.20.3)(yaml@2.9.0)

  apps/ui-compiler-service:
    dependencies:
      '@generative-ui/compiler-contract':
        specifier: workspace:*
        version: link:../../packages/compiler-contract
      '@generative-ui/component-catalog-schema':
        specifier: workspace:*
        version: link:../../packages/component-catalog-schema
      '@generative-ui/presentation-contract':
        specifier: workspace:*
        version: link:../../packages/presentation-contract
      '@generative-ui/shared-types':
        specifier: workspace:*
        version: link:../../packages/shared-types
      '@generative-ui/ui-compiler-core':
        specifier: workspace:*
        version: link:../../packages/ui-compiler-core
      '@sinclair/typebox':
        specifier: ^0.34.52
        version: 0.34.52
      ajv:
        specifier: ^8.20.0
        version: 8.20.0
      fastify:
        specifier: 5.10.0
        version: 5.10.0
      mdast-util-from-markdown:
        specifier: 2.0.3
        version: 2.0.3
      mdast-util-to-markdown:
        specifier: 2.1.2
        version: 2.1.2
      micromark-util-sanitize-uri:
        specifier: 2.0.1
        version: 2.0.1
    devDependencies:
      '@types/mdast':
        specifier: 4.0.4
        version: 4.0.4
      tsup:
        specifier: 8.5.0
        version: 8.5.0(jiti@2.6.1)(postcss@8.5.22)(tsx@4.20.3)(typescript@5.8.3)(yaml@2.9.0)
      typescript:
        specifier: 5.8.3
        version: 5.8.3
      vitest:
        specifier: 3.2.4
        version: 3.2.4(@types/debug@4.1.13)(@types/node@24.0.15)(jiti@2.6.1)(tsx@4.20.3)(yaml@2.9.0)

  packages/ag-ui-adapter:
    dependencies:
      '@generative-ui/compiler-contract':
        specifier: workspace:*
        version: link:../compiler-contract
      '@generative-ui/presentation-contract':
        specifier: workspace:*
        version: link:../presentation-contract
      '@generative-ui/shared-types':
        specifier: workspace:*
        version: link:../shared-types
      '@sinclair/typebox':
        specifier: ^0.34.52
        version: 0.34.52
      ajv:
        specifier: ^8.20.0
        version: 8.20.0
    devDependencies:
      tsup:
        specifier: 8.5.0
        version: 8.5.0(jiti@2.6.1)(postcss@8.5.22)(tsx@4.20.3)(typescript@5.8.3)(yaml@2.9.0)
      typescript:
        specifier: 5.8.3
        version: 5.8.3
      vitest:
        specifier: 3.2.4
        version: 3.2.4(@types/debug@4.1.13)(@types/node@24.0.15)(jiti@2.6.1)(tsx@4.20.3)(yaml@2.9.0)

  packages/compiler-contract:
    dependencies:
      '@generative-ui/presentation-contract':
        specifier: workspace:*
        version: link:../presentation-contract
      '@generative-ui/shared-types':
        specifier: workspace:*
        version: link:../shared-types
      '@sinclair/typebox':
        specifier: ^0.34.52
        version: 0.34.52
      ajv:
        specifier: ^8.20.0
        version: 8.20.0
    devDependencies:
      tsup:
        specifier: 8.5.0
        version: 8.5.0(jiti@2.6.1)(postcss@8.5.22)(tsx@4.20.3)(typescript@5.8.3)(yaml@2.9.0)
      typescript:
        specifier: 5.8.3
        version: 5.8.3
      vitest:
        specifier: 3.2.4
        version: 3.2.4(@types/debug@4.1.13)(@types/node@24.0.15)(jiti@2.6.1)(tsx@4.20.3)(yaml@2.9.0)

  packages/component-catalog-schema:
    dependencies:
      '@generative-ui/shared-types':
        specifier: workspace:*
        version: link:../shared-types
      '@sinclair/typebox':
        specifier: ^0.34.52
        version: 0.34.52
      ajv:
        specifier: ^8.20.0
        version: 8.20.0
    devDependencies:
      tsup:
        specifier: 8.5.0
        version: 8.5.0(jiti@2.6.1)(postcss@8.5.22)(tsx@4.20.3)(typescript@5.8.3)(yaml@2.9.0)
      typescript:
        specifier: 5.8.3
        version: 5.8.3
      vitest:
        specifier: 3.2.4
        version: 3.2.4(@types/debug@4.1.13)(@types/node@24.0.15)(jiti@2.6.1)(tsx@4.20.3)(yaml@2.9.0)

  packages/presentation-contract:
    dependencies:
      '@generative-ui/shared-types':
        specifier: workspace:*
        version: link:../shared-types
      '@sinclair/typebox':
        specifier: ^0.34.52
        version: 0.34.52
      ajv:
        specifier: ^8.20.0
        version: 8.20.0
    devDependencies:
      tsup:
        specifier: 8.5.0
        version: 8.5.0(jiti@2.6.1)(postcss@8.5.22)(tsx@4.20.3)(typescript@5.8.3)(yaml@2.9.0)
      typescript:
        specifier: 5.8.3
        version: 5.8.3
      vitest:
        specifier: 3.2.4
        version: 3.2.4(@types/debug@4.1.13)(@types/node@24.0.15)(jiti@2.6.1)(tsx@4.20.3)(yaml@2.9.0)

  packages/runtime-contract:
    dependencies:
      '@generative-ui/presentation-contract':
        specifier: workspace:*
        version: link:../presentation-contract
      '@generative-ui/shared-types':
        specifier: workspace:*
        version: link:../shared-types
      '@sinclair/typebox':
        specifier: ^0.34.52
        version: 0.34.52
      ajv:
        specifier: ^8.20.0
        version: 8.20.0
    devDependencies:
      tsup:
        specifier: 8.5.0
        version: 8.5.0(jiti@2.6.1)(postcss@8.5.22)(tsx@4.20.3)(typescript@5.8.3)(yaml@2.9.0)
      typescript:
        specifier: 5.8.3
        version: 5.8.3
      vitest:
        specifier: 3.2.4
        version: 3.2.4(@types/debug@4.1.13)(@types/node@24.0.15)(jiti@2.6.1)(tsx@4.20.3)(yaml@2.9.0)

  packages/shared-types:
    dependencies:
      '@sinclair/typebox':
        specifier: ^0.34.52
        version: 0.34.52
    devDependencies:
      ajv:
        specifier: ^8.20.0
        version: 8.20.0
      tsup:
        specifier: 8.5.0
        version: 8.5.0(jiti@2.6.1)(postcss@8.5.22)(tsx@4.20.3)(typescript@5.8.3)(yaml@2.9.0)
      typescript:
        specifier: 5.8.3
        version: 5.8.3
      vitest:
        specifier: 3.2.4
        version: 3.2.4(@types/debug@4.1.13)(@types/node@24.0.15)(jiti@2.6.1)(tsx@4.20.3)(yaml@2.9.0)

  packages/ui-compiler-core:
    dependencies:
      '@generative-ui/compiler-contract':
        specifier: workspace:*
        version: link:../compiler-contract
      '@generative-ui/component-catalog-schema':
        specifier: workspace:*
        version: link:../component-catalog-schema
      '@generative-ui/presentation-contract':
        specifier: workspace:*
        version: link:../presentation-contract
      '@generative-ui/shared-types':
        specifier: workspace:*
        version: link:../shared-types
    devDependencies:
      tsup:
        specifier: 8.5.0
        version: 8.5.0(jiti@2.6.1)(postcss@8.5.22)(tsx@4.20.3)(typescript@5.8.3)(yaml@2.9.0)
      typescript:
        specifier: 5.8.3
        version: 5.8.3
      vitest:
        specifier: 3.2.4
        version: 3.2.4(@types/debug@4.1.13)(@types/node@24.0.15)(jiti@2.6.1)(tsx@4.20.3)(yaml@2.9.0)

packages:

  '@ag-ui/a2ui-middleware@0.0.10':
    resolution: {integrity: sha512-2BQFUQ9vJzUAQSR0dNW/ijhyH8KpiRWISSLTP6mIe6ENyQ2cM1/XLG38/Dcb69olcs36gtZADZzAQWcno5H6fA==}
    peerDependencies:
      '@ag-ui/client': '>=0.0.40'
      rxjs: 7.8.1

  '@ag-ui/a2ui-toolkit@0.0.4':
    resolution: {integrity: sha512-9VPmgpCAsFVICk7z23kh+Kp/BwYMxw0D0KGjOiKXhm1MAH+Wid2iC3yKsXso+q7UZZiyhWgeDUSgaAkltyLmGg==}

  '@ag-ui/client@0.0.54':
    resolution: {integrity: sha512-N5UVXEBV5gPHqTuMoR/21brconRn42URf+MB4L8OniCJKqLcl/qUJb5kMamK0nnfBhDfPs/uq7LxDn6bsDJzJg==}

  '@ag-ui/client@0.0.57':
    resolution: {integrity: sha512-Xap2alG9Z0/j5kb3x4D7oTpe2sw1dfrC9rgJJr2NZu5vKcm8dzIPNd31mF2B4zS3BKqYIu245yxKPhEtT30MHw==}

  '@ag-ui/core@0.0.54':
    resolution: {integrity: sha512-Ilx31OvRQaZfU7jSArGqz06JZKOsAt8zWiCPJljyp9zR6Tzl18oyfx8o6FsuGfAktGRe50GI9SCCxNXXysZwtA==}

  '@ag-ui/core@0.0.57':
    resolution: {integrity: sha512-gho1OWjNE6E3Rl7ZEZ1wr2CEpUHjLFU0FqzCZZk439TicLu+BfLCMkMokB07bMGlRmbJ60hM6LW60iOVauCx+Q==}

  '@ag-ui/encoder@0.0.54':
    resolution: {integrity: sha512-0dPuE/eAeBRBDj/OOj5AW8SoP1r0dufmoOdrtKgmf+dlbVXKSNkDDHGrrvIWFPxwvPTWhHeN6wnsVUayWpUsGg==}

  '@ag-ui/encoder@0.0.57':
    resolution: {integrity: sha512-ifD9NctR4xyPDR58xF9GK1bj/S8oECFkTeDfuYD8tXdbcOstIJ2TOqU2zhiCKnw7Vw+zR9Qv3TbsM9E7Gi9X3Q==}

  '@ag-ui/langgraph@0.0.42':
    resolution: {integrity: sha512-dXasEbGQFJcasdoy5khYyDHZHYoD1/i7hioaP8cejfw+Dss4tLvN8ndzD6c5j0hmANaKscekl+zkF7UQq3sI9w==}
    peerDependencies:
      '@ag-ui/client': '>=0.0.42'
      '@ag-ui/core': '>=0.0.42'

  '@ag-ui/mcp-apps-middleware@0.0.3':
    resolution: {integrity: sha512-Z+NZQXj4J+Y/2PLNsiyhNzRWFtTT2sAoC5dztoAlIsdfzvLvYEa52YGdHesNTN85JJqaIrYxQ8e31IBpKjrnoA==}
    peerDependencies:
      '@ag-ui/client': '>=0.0.40'

  '@ag-ui/mcp-middleware@0.0.1':
    resolution: {integrity: sha512-TayUu7kB+jXUTPRUJesNvJYrP+0weTL9F2VJJ8QQ4sWxY/Ihjo+GgFYgJZYNcLwbo1DKgmVJtdm2XUouPCbxeg==}
    peerDependencies:
      rxjs: 7.8.1

  '@ag-ui/proto@0.0.54':
    resolution: {integrity: sha512-IPF+xeFaBAKKP2FO74MaVTkKUP8VaGGkbPzORCvC5TLDdGs+oQgQFqz+XoBeksQGE14+jgуНчцЪ$z{-®йЬjЧќЭ[Ы€™\Э[YT™\]Y\Э
€ќ[Ћ€ќ\Ъ[™\ЬРYЩ[ќќ[”™\]Y\ЭЉN€ќ\Ъ[™\ЬРYЩ[ќ™\Э[YPXЭ[Ы”™\]Y\ЭВ€™]\›€В€›ЭШЫЫ™\њЪ[ЫЋ€ЊKЊ‹€™\]Y\ЭY€	Ьќ[‹њ™\]Y\ЭYKXЫЫ™љ\›X€™XYY€ќ[‹ќ™XYY€ќ[’Y€ќ[‹њќ[’Y€XЭ[ЫЋ€В€XЭ[Ы’Y€ЫЫ™љ\›K\]›Ы\[€‹€XЭ[Ы•\N€њ]›ЫЫЫ™љ\›H‹€Э\™XЩRY€њЭ\™XЩKXЫЫќXЭ]\Э‹€\›Э™Y€ќYK€K€NВџB‚™ќ[Э[Ы€[Щ^\К[YN€[љЫ›ЭЫЉN€Эљ[™ЦЧHВ€Y€
\њ^Kљ\Р\њ^J[YJJH™]\›€[YK™›]X\
[Щ^\КNВ€Y€
\[Щ€[YHOOH›Шљ™XЭ€[YHOOHќ[
H™]\›€ЧNВ€™]\›€Шљ™XЭ™[ќљY\К[YJK™›]X\

ЪЩ^K™\ЭYJHO€В€Щ^K€‹‹[Щ^\К™\ЭY
K€JNВџB‚™\ШЬљX™Jђќ\Ъ[™\ЬИYЩ[ќЫЫќXЭ‹

HO€В€]
њ™]\›њИЫЫќXЭ][YYЩ[ќЫЫќ[ќ›Ь€[™Y™\™[ЩHШЩ[\љ[ЬИ‹\Ю[И

HO€В€ЫЫњЭYЩ[ќH™]И™Y™\™[ЩPќ\Ъ[™\ЬРYЩ[ќ

NВ€ЫЫњЭ]љXЩHH]ШZ]YЩ[ќњќ[Љќ[”™\]Y\Э
№§йz+иє+Ї№i!щв­№  H‹™]љXЩHЉJNВ€ЫЫњЭYќ™\]Y\ЭHќ[”™\]Y\Э
№е'щў$9mиz`.ъ+Ёyb$€‹њ]›ЫЉNВ€ЫЫњЭYќH]ШZ]YЩ[ќњќ[ЉYќ™\]Y\Э
NВ€ЫЫњЭЫЫ™љ\›YYH]ШZ]YЩ[ќњ™\Э[YJ™\Э[YT™\]Y\Э
Yќ™\]Y\Э
JNВ‚€^XЭ
[Y]Pќ\Ъ[™\ЬРYЩ[ќќ[”™\Э[
]љXЩJJKќУX]ЪШљ™XЭ
В€ЭXШЩ\ЬО€ќYK€JNВ€^XЭ
[Y]Pќ\Ъ[™\ЬРYЩ[ќќ[”™\Э[
Yќ
JKќУX]ЪШљ™XЭ
В€ЭXШЩ\ЬО€ќYK€JNВ€^XЭ
[Y]Pќ\Ъ[™\ЬРYЩ[ќ™\Э[YPXЭ[Ы”™\Э[
ЫЫ™љ\›YY
JKќУX]ЪШљ™XЭ
В€ЭXШЩ\ЬО€ќYK€JNВ€^XЭ
]љXЩJKќУX]ЪШљ™XЭ
В€Э]\О€ЫЫ\]Y‹€ЫЫќ[ќ€В€ЫЫќ[ќ\N€њЭќXЭ\™YY]H‹€]N€ИЪ[™€™]љXЩK\Э]\И€K€K€JNВ€^XЭ
Yќ
KќУX]ЪШљ™XЭ
В€Э]\О€ЫЫ\]Y‹€ЫЫќ[ќ€В€ЫЫќ[ќ\N€њЭќXЭ\™YY]H‹€]N€В€Ъ[™€њ]›Ы\[‹YYќ‹€[Ћ€ИЭ]\О€]ШZ][™ЛXЫЫ™љ\›X][Ы€€K€K€K€JNВ€^XЭ
ЫЫ™љ\›YY
KќУX]ЪШљ™XЭ
В€Э]\О€ЫЫ\]Y‹€ЫЫќ[ќ€В€ЫЫќ[ќ\N€њЭќXЭ\™YY]H‹€]N€ИЪ[™€њ]›Ы]\ЪИ‹Э]\О€ЫЫ™љ\›YY€K€K€JNВ€JNВ‚€]
›™]™\€™]\›њИ™\Щ[ќ][Ы€Ь€њ›Ыќ[™\ќYXЭИ‹\Ю[И

HO€В€ЫЫњЭYЩ[ќH™]И™Y™\™[ЩPќ\Ъ[™\ЬРYЩ[ќ

NВ€ЫЫњЭ™\Э[H]ШZ]YЩ[ќњќ[Љќ[”™\]Y\Э
№е'щў$9mиz`.ъ+Ёyb$€‹›Э[™\љY\ИЉJNВ€ЫЫњЭ›ЬљY[’Щ^\ИH™]ИЩ]
В€LќZH‹€ЫЫ\Ы™[ќ™Y™\™[Щ\И‹€љ[‹€њ[ђШ[™Y]H‹€њ™\Щ[ќ][Ы‘XЪ\Ъ[Ы€‹€ќZT[€‹€ќќYH‹€JNВ€^XЭ
[Щ^\К™\Э[
K™љ[\Љ
Щ^JHO€›ЬљY[’Щ^\Лљ\КЩ^JJJKќС\]X[
ЧJNВ€JNВ‚€]
њ™Z™XЭИ™\Э[YH][\Ињ›ЫHHY™™\™[ќќ[€‹\Ю[И

HO€В€ЫЫњЭYЩ[ќH™]И™Y™\™[ЩPќ\Ъ[™\ЬРYЩ[ќ

NВ€ЫЫњЭќ[€Hќ[”™\]Y\Э
№е'щў$9mиz`.ъ+Ёyb$€‹ЫЬњ™[][Ы€ЉNВ€]ШZ]YЩ[ќњќ[Љќ[ЉNВ€ЫЫњЭ™\Э[H]ШZ]YЩ[ќњ™\Э[YJВ€‹‹њ™\Э[YT™\]Y\Э
ќ[ЉK€ќ[’Y€њќ[‹[Э\€‹€JNВ€^XЭ
™\Э[
KќУX]ЪШљ™XЭ
В€Э]\О€™Z[Y‹€\њ›ЬЋ€ИЫЩN€ђPХSУ—РУУ‘“PХ€K€JNВ€^XЭ
[Y]Pќ\Ъ[™\ЬРYЩ[ќ™\Э[YPXЭ[Ы”™\Э[
™\Э[
JKќУX]ЪШљ™XЭ
В€ЭXШЩ\ЬО€ќYK€JNВ€JNВ‚€]
њЩ\љX[^™\ИЫЫЭ\њ™[ќXШЩ\ЬИИHШ[YH]\ЩY™XY‹\Ю[И

HO€В€ЫЫњЭYЩ[ќH™]И™Y™\™[ЩPќ\Ъ[™\ЬРYЩ[ќ

NВ€ЫЫњЭќ[€Hќ[”™\]Y\Э
№е'щў$9mиz`.ъ+Ёyb$€‹ЫЫЭ\њ™[ќЉNВ€]ШZ]YЩ[ќњќ[Љќ[ЉNВ€ЫЫњЭXЭ[Ы€H™\Э[YT™\]Y\Э
ќ[ЉNВ€ЫЫњЭ™\Э[ИH]ШZ]›ЫZ\ЩK[
В€YЩ[ќњ™\Э[YJXЭ[ЫЉK€YЩ[ќњ™\Э[YJXЭ[ЫЉK€JNВ€^XЭ
™\Э[Л›X\

™\Э[
HO€™\Э[њЭ]\КKњЫЬќ

JKќС\]X[
В€ЫЫ\]Y‹€™Z[Y‹€JNВ€^XЭ
™\Э[Л™љ[™

™\Э[
HO€™\Э[њЭ]\ИOOH™Z[YЉJKќУX]ЪШљ™XЭ
В€\њ›ЬЋ€ИЫЩN€”•S—У“ХС“ХS‘€K€JNВ€JNВџJNВ